
Microsoft Visual Studio Solution File, Format Version 12.00
# Visual Studio Version 17
VisualStudioVersion = 17.9.34607.119
MinimumVisualStudioVersion = 10.0.40219.1
Project("{FAE04EC0-301F-11D3-BF4B-00C04F79EFBC}") = "SpaceBattles.Server", "SpaceBattles.Server\SpaceBattles.Server.csproj", "{D614713E-D3CE-4355-BEB5-732756F2B799}"
EndProject
Project("{FAE04EC0-301F-11D3-BF4B-00C04F79EFBC}") = "SpaceBattles.Client", "SpaceBattles.Client\SpaceBattles.Client.csproj", "{B7B7150E-89EB-4D35-BE3E-A95E1F27073A}"
EndProject
Project("{2150E333-8FDC-42A3-9474-1A3956D46DE8}") = "Solution Items", "Solution Items", "{4C6FC478-4273-4025-BDA2-26857346AC85}"
	ProjectSection(SolutionItems) = preProject
		Directory.Build.props = Directory.Build.props
	EndProjectSection
EndProject
Project("{2150E333-8FDC-42A3-9474-1A3956D46DE8}") = "Workflows", "Workflows", "{FB909D14-789B-4151-8265-B9D173BDE316}"
	ProjectSection(SolutionItems) = preProject
		.github\workflows\SpaceBattles.yml = .github\workflows\SpaceBattles.yml
		.github\workflows\Unit-testing.yml = .github\workflows\Unit-testing.yml
	EndProjectSection
EndProject
Project("{FAE04EC0-301F-11D3-BF4B-00C04F79EFBC}") = "SpaceBattles.Core", "SpaceBattles.Core\SpaceBattles.Core.csproj", "{FCA7B9CA-F4A0-4B0A-9228-BBE4CA2923B6}"
EndProject
Project("{FAE04EC0-301F-11D3-BF4B-00C04F79EFBC}") = "SpaceBattles.Tests", "SpaceBattles.Tests\SpaceBattles.Tests.csproj", "{334412D1-3574-4730-AB62-0772BCE4B1AA}"
EndProject
Global
	GlobalSection(SolutionConfigurationPlatforms) = preSolution
		Debug|Any CPU = Debug|Any CPU
		Release|Any CPU = Release|Any CPU
	EndGlobalSection
	GlobalSection(ProjectConfigurationPlatforms) = postSolution
		{D614713E-D3CE-4355-BEB5-732756F2B799}.Debug|Any CPU.ActiveCfg = Debug|Any CPU
		{D614713E-D3CE-4355-BEB5-732756F2B799}.Debug|Any CPU.Build.0 = Debug|Any CPU
		{D614713E-D3CE-4355-BEB5-732756F2B799}.Release|Any CPU.ActiveCfg = Release|Any CPU
		{D614713E-D3CE-4355-BEB5-732756F2B799}.Release|Any CPU.Build.0 = Release|Any CPU
		{B7B7150E-89EB-4D35-BE3E-A95E1F27073A}.Debug|Any CPU.ActiveCfg = Debug|Any CPU
		{B7B7150E-89EB-4D35-BE3E-A95E1F27073A}.Debug|Any CPU.Build.0 = Debug|Any CPU
		{B7B7150E-89EB-4D35-BE3E-A95E1F27073A}.Release|Any CPU.ActiveCfg = Release|Any CPU
		{B7B7150E-89EB-4D35-BE3E-A95E1F27073A}.Release|Any CPU.Build.0 = Release|Any CPU
		{FCA7B9CA-F4A0-4B0A-9228-BBE4CA2923B6}.Debug|Any CPU.ActiveCfg = Debug|Any CPU
		{FCA7B9CA-F4A0-4B0A-9228-BBE4CA2923B6}.Debug|Any CPU.Build.0 = Debug|Any CPU
		{FCA7B9CA-F4A0-4B0A-9228-BBE4CA2923B6}.Release|Any CPU.ActiveCfg = Release|Any CPU
		{FCA7B9CA-F4A0-4B0A-9228-BBE4CA2923B6}.Release|Any CPU.Build.0 = Release|Any CPU
		{334412D1-3574-4730-AB62-0772BCE4B1AA}.Debug|Any CPU.ActiveCfg = Debug|Any CPU
		{334412D1-3574-4730-AB62-0772BCE4B1AA}.Debug|Any CPU.Build.0 = Debug|Any CPU
		{334412D1-3574-4730-AB62-0772BCE4B1AA}.Release|Any CPU.ActiveCfg = Release|Any CPU
		{334412D1-3574-4730-AB62-0772BCE4B1AA}.Release|Any CPU.Build.0 = Release|Any CPU
	EndGlobalSection
	GlobalSection(SolutionProperties) = preSolution
		HideSolutionNode = FALSE
	EndGlobalSection
	GlobalSection(ExtensibilityGlobals) = postSolution
		SolutionGuid = {E5997EB4-5B6F-44BF-809B-508C1BF440BD}
	EndGlobalSection
	GlobalSection(NestedProjects) = preSolution
		{FB909D14-789B-4151-8265-B9D173BDE316} = {4C6FC478-4273-4025-BDA2-26857346AC85}
	EndGlobalSection
EndGlobal
